
Microsoft Visual Studio Solution File, Format Version 12.00
# Visual Studio Version 16
VisualStudioVersion = 16.0.30002.166
MinimumVisualStudioVersion = 10.0.40219.1
Project("{2150E333-8FDC-42A3-9474-1A3956D46DE8}") = "MODULE04_TP01", "MODULE04_TP01", "{DFFE4ABA-4059-43E1-8AED-927A423AC33A}"
EndProject
Project("{FAE04EC0-301F-11D3-BF4B-00C04F79EFBC}") = "TP01.UWP", "TP01\TP01.UWP\TP01.UWP.csproj", "{93215A6C-B527-4BD9-A56E-21055A1045E5}"
EndProject
Project("{FAE04EC0-301F-11D3-BF4B-00C04F79EFBC}") = "TP01.Android", "TP01\TP01.Android\TP01.Android.csproj", "{83EEA41C-3F15-4F8D-AED0-30897EC2CEEA}"
EndProject
Project("{9A19103F-16F7-4668-BE54-9A1E7A4F7556}") = "TP01", "TP01\TP01\TP01.csproj", "{339E4C1F-8C40-4CFF-8454-A2118FB61611}"
EndProject
Project("{2150E333-8FDC-42A3-9474-1A3956D46DE8}") = "MODULE05_TP01", "MODULE05_TP01", "{A25AAC32-F8C8-4470-B069-CA8CE4512506}"
EndProject
Project("{FAE04EC0-301F-11D3-BF4B-00C04F79EFBC}") = "M05TP01.UWP", "M05TP01\M05TP01.UWP\M05TP01.UWP.csproj", "{7156C2B1-AC72-4022-92D0-C3761D9306DC}"
EndProject
Project("{FAE04EC0-301F-11D3-BF4B-00C04F79EFBC}") = "M05TP01.Android", "M05TP01\M05TP01.Android\M05TP01.Android.csproj", "{7D43DD38-A453-4609-BD1F-19105720B4B3}"
EndProject
Project("{9A19103F-16F7-4668-BE54-9A1E7A4F7556}") = "M05TP01", "M05TP01\M05TP01\M05TP01.csproj", "{A4AC8DE4-BA5F-4A99-A86B-B2D117615D53}"
EndProject
Project("{2150E333-8FDC-42A3-9474-1A3956D46DE8}") = "MODULE07_TP04", "MODULE07_TP04", "{08CA9EF2-00C8-4C00-8952-2668E3B50576}"
EndProject
Project("{FAE04EC0-301F-11D3-BF4B-00C04F79EFBC}") = "M07_TP04.UWP", "M07_TP04\M07_TP04.UWP\M07_TP04.UWP.csproj", "{36FF650C-41CB-4D5B-A9E8-8ED6C453D009}"
EndProject
Project("{FAE04EC0-301F-11D3-BF4B-00C04F79EFBC}") = "M07_TP04.Android", "M07_TP04\M07_TP04.Android\M07_TP04.Android.csproj", "{F4646AFA-38C7-4BAE-94FF-DF6225D8A12E}"
EndProject
Project("{9A19103F-16F7-4668-BE54-9A1E7A4F7556}") = "M07_TP04", "M07_TP04\M07_TP04\M07_TP04.csproj", "{CD6B5BFB-170E-4656-9CB1-DD41E4C181A6}"
EndProject
Project("{2150E333-8FDC-42A3-9474-1A3956D46DE8}") = "MODULE08_TP05", "MODULE08_TP05", "{5B1711B8-2127-4C68-8B62-D424C5F9B9B1}"
EndProject
Project("{FAE04EC0-301F-11D3-BF4B-00C04F79EFBC}") = "M08_TP05.UWP", "M08_TP05\M08_TP05.UWP\M08_TP05.UWP.csproj", "{B92E6F34-D2A9-4559-B5AF-4BEE115DFAF6}"
EndProject
Project("{FAE04EC0-301F-11D3-BF4B-00C04F79EFBC}") = "M08_TP05.Android", "M08_TP05\M08_TP05.Android\M08_TP05.Android.csproj", "{E9E338BA-B6B5-45BA-8FD3-EA784C39EBF1}"
EndProject
Project("{FAE04EC0-301F-11D3-BF4B-00C04F79EFBC}") = "M08_TP05", "M08_TP05\M08_TP05\M08_TP05.csproj", "{78B74D4D-F40A-4397-A046-E2BBF6A2883E}"
EndProject
Global
	GlobalSection(SolutionConfigurationPlatforms) = preSolution
		Debug|Any CPU = Debug|Any CPU
		Debug|ARM = Debug|ARM
		Debug|x64 = Debug|x64
		Debug|x86 = Debug|x86
		Release|Any CPU = Release|Any CPU
		Release|ARM = Release|ARM
		Release|x64 = Release|x64
		Release|x86 = Release|x86
	EndGlobalSection
	GlobalSection(ProjectConfigurationPlatforms) = postSolution
		{93215A6C-B527-4BD9-A56E-21055A1045E5}.Debug|Any CPU.ActiveCfg = Debug|x86
		{93215A6C-B527-4BD9-A56E-21055A1045E5}.Debug|ARM.ActiveCfg = Debug|ARM
		{93215A6C-B527-4BD9-A56E-21055A1045E5}.Debug|ARM.Build.0 = Debug|ARM
		{93215A6C-B527-4BD9-A56E-21055A1045E5}.Debug|ARM.Deploy.0 = Debug|ARM
		{93215A6C-B527-4BD9-A56E-21055A1045E5}.Debug|x64.ActiveCfg = Debug|x64
		{93215A6C-B527-4BD9-A56E-21055A1045E5}.Debug|x64.Build.0 = Debug|x64
		{93215A6C-B527-4BD9-A56E-21055A1045E5}.Debug|x64.Deploy.0 = Debug|x64
		{93215A6C-B527-4BD9-A56E-21055A1045E5}.Debug|x86.ActiveCfg = Debug|x86
		{93215A6C-B527-4BD9-A56E-21055A1045E5}.Debug|x86.Build.0 = Debug|x86
		{93215A6C-B527-4BD9-A56E-21055A1045E5}.Debug|x86.Deploy.0 = Debug|x86
		{93215A6C-B527-4BD9-A56E-21055A1045E5}.Release|Any CPU.ActiveCfg = Release|x86
		{93215A6C-B527-4BD9-A56E-21055A1045E5}.Release|ARM.ActiveCfg = Release|ARM
		{93215A6C-B527-4BD9-A56E-21055A1045E5}.Release|ARM.Build.0 = Release|ARM
		{93215A6C-B527-4BD9-A56E-21055A1045E5}.Release|ARM.Deploy.0 = Release|ARM
		{93215A6C-B527-4BD9-A56E-21055A1045E5}.Release|x64.ActiveCfg = Release|x64
		{93215A6C-B527-4BD9-A56E-21055A1045E5}.Release|x64.Build.0 = Release|x64
		{93215A6C-B527-4BD9-A56E-21055A1045E5}.Release|x64.Deploy.0 = Release|x64
		{93215A6C-B527-4BD9-A56E-21055A1045E5}.Release|x86.ActiveCfg = Release|x86
		{93215A6C-B527-4BD9-A56E-21055A1045E5}.Release|x86.Build.0 = Release|x86
		{93215A6C-B527-4BD9-A56E-21055A1045E5}.Release|x86.Deploy.0 = Release|x86
		{83EEA41C-3F15-4F8D-AED0-30897EC2CEEA}.Debug|Any CPU.ActiveCfg = Debug|Any CPU
		{83EEA41C-3F15-4F8D-AED0-30897EC2CEEA}.Debug|Any CPU.Build.0 = Debug|Any CPU
		{83EEA41C-3F15-4F8D-AED0-30897EC2CEEA}.Debug|Any CPU.Deploy.0 = Debug|Any CPU
		{83EEA41C-3F15-4F8D-AED0-30897EC2CEEA}.Debug|ARM.ActiveCfg = Debug|Any CPU
		{83EEA41C-3F15-4F8D-AED0-30897EC2CEEA}.Debug|ARM.Build.0 = Debug|Any CPU
		{83EEA41C-3F15-4F8D-AED0-30897EC2CEEA}.Debug|ARM.Deploy.0 = Debug|Any CPU
		{83EEA41C-3F15-4F8D-AED0-30897EC2CEEA}.Debug|x64.ActiveCfg = Debug|Any CPU
		{83EEA41C-3F15-4F8D-AED0-30897EC2CEEA}.Debug|x64.Build.0 = Debug|Any CPU
		{83EEA41C-3F15-4F8D-AED0-30897EC2CEEA}.Debug|x64.Deploy.0 = Debug|Any CPU
		{83EEA41C-3F15-4F8D-AED0-30897EC2CEEA}.Debug|x86.ActiveCfg = Debug|Any CPU
		{83EEA41C-3F15-4F8D-AED0-30897EC2CEEA}.Debug|x86.Build.0 = Debug|Any CPU
		{83EEA41C-3F15-4F8D-AED0-30897EC2CEEA}.Debug|x86.Deploy.0 = Debug|Any CPU
		{83EEA41C-3F15-4F8D-AED0-30897EC2CEEA}.Release|Any CPU.ActiveCfg = Release|Any CPU
		{83EEA41C-3F15-4F8D-AED0-30897EC2CEEA}.Release|Any CPU.Build.0 = Release|Any CPU
		{83EEA41C-3F15-4F8D-AED0-30897EC2CEEA}.Release|Any CPU.Deploy.0 = Release|Any CPU
		{83EEA41C-3F15-4F8D-AED0-30897EC2CEEA}.Release|ARM.ActiveCfg = Release|Any CPU
		{83EEA41C-3F15-4F8D-AED0-30897EC2CEEA}.Release|ARM.Build.0 = Release|Any CPU
		{83EEA41C-3F15-4F8D-AED0-30897EC2CEEA}.Release|ARM.Deploy.0 = Release|Any CPU
		{83EEA41C-3F15-4F8D-AED0-30897EC2CEEA}.Release|x64.ActiveCfg = Release|Any CPU
		{83EEA41C-3F15-4F8D-AED0-30897EC2CEEA}.Release|x64.Build.0 = Release|Any CPU
		{83EEA41C-3F15-4F8D-AED0-30897EC2CEEA}.Release|x64.Deploy.0 = Release|Any CPU
		{83EEA41C-3F15-4F8D-AED0-30897EC2CEEA}.Release|x86.ActiveCfg = Release|Any CPU
		{83EEA41C-3F15-4F8D-AED0-30897EC2CEEA}.Release|x86.Build.0 = Release|Any CPU
		{83EEA41C-3F15-4F8D-AED0-30897EC2CEEA}.Release|x86.Deploy.0 = Release|Any CPU
		{339E4C1F-8C40-4CFF-8454-A2118FB61611}.Debug|Any CPU.ActiveCfg = Debug|Any CPU
		{339E4C1F-8C40-4CFF-8454-A2118FB61611}.Debug|Any CPU.Build.0 = Debug|Any CPU
		{339E4C1F-8C40-4CFF-8454-A2118FB61611}.Debug|ARM.ActiveCfg = Debug|Any CPU
		{339E4C1F-8C40-4CFF-8454-A2118FB61611}.Debug|ARM.Build.0 = Debug|Any CPU
		{339E4C1F-8C40-4CFF-8454-A2118FB61611}.Debug|x64.ActiveCfg = Debug|Any CPU
		{339E4C1F-8C40-4CFF-8454-A2118FB61611}.Debug|x64.Build.0 = Debug|Any CPU
		{339E4C1F-8C40-4CFF-8454-A2118FB61611}.Debug|x86.ActiveCfg = Debug|Any CPU
		{339E4C1F-8C40-4CFF-8454-A2118FB61611}.Debug|x86.Build.0 = Debug|Any CPU
		{339E4C1F-8C40-4CFF-8454-A2118FB61611}.Release|Any CPU.ActiveCfg = Release|Any CPU
		{339E4C1F-8C40-4CFF-8454-A2118FB61611}.Release|Any CPU.Build.0 = Release|Any CPU
		{339E4C1F-8C40-4CFF-8454-A2118FB61611}.Release|ARM.ActiveCfg = Release|Any CPU
		{339E4C1F-8C40-4CFF-8454-A2118FB61611}.Release|ARM.Build.0 = Release|Any CPU
		{339E4C1F-8C40-4CFF-8454-A2118FB61611}.Release|x64.ActiveCfg = Release|Any CPU
		{339E4C1F-8C40-4CFF-8454-A2118FB61611}.Release|x64.Build.0 = Release|Any CPU
		{339E4C1F-8C40-4CFF-8454-A2118FB61611}.Release|x86.ActiveCfg = Release|Any CPU
		{339E4C1F-8C40-4CFF-8454-A2118FB61611}.Release|x86.Build.0 = Release|Any CPU
		{7156C2B1-AC72-4022-92D0-C3761D9306DC}.Debug|Any CPU.ActiveCfg = Debug|x86
		{7156C2B1-AC72-4022-92D0-C3761D9306DC}.Debug|ARM.ActiveCfg = Debug|ARM
		{7156C2B1-AC72-4022-92D0-C3761D9306DC}.Debug|ARM.Build.0 = Debug|ARM
		{7156C2B1-AC72-4022-92D0-C3761D9306DC}.Debug|ARM.Deploy.0 = Debug|ARM
		{7156C2B1-AC72-4022-92D0-C3761D9306DC}.Debug|x64.ActiveCfg = Debug|x64
		{7156C2B1-AC72-4022-92D0-C3761D9306DC}.Debug|x64.Build.0 = Debug|x64
		{7156C2B1-AC72-4022-92D0-C3761D9306DC}.Debug|x64.Deploy.0 = Debug|x64
		{7156C2B1-AC72-4022-92D0-C3761D9306DC}.Debug|x86.ActiveCfg = Debug|x86
		{7156C2B1-AC72-4022-92D0-C3761D9306DC}.Debug|x86.Build.0 = Debug|x86
		{7156C2B1-AC72-4022-92D0-C3761D9306DC}.Debug|x86.Deploy.0 = Debug|x86
		{7156C2B1-AC72-4022-92D0-C3761D9306DC}.Release|Any CPU.ActiveCfg = Release|x86
		{7156C2B1-AC72-4022-92D0-C3761D9306DC}.Release|ARM.ActiveCfg = Release|ARM
		{7156C2B1-AC72-4022-92D0-C3761D9306DC}.Release|ARM.Build.0 = Release|ARM
		{7156C2B1-AC72-4022-92D0-C3761D9306DC}.Release|ARM.Deploy.0 = Release|ARM
		{7156C2B1-AC72-4022-92D0-C3761D9306DC}.Release|x64.ActiveCfg = Release|x64
		{7156C2B1-AC72-4022-92D0-C3761D9306DC}.Release|x64.Build.0 = Release|x64
		{7156C2B1-AC72-4022-92D0-C3761D9306DC}.Release|x64.Deploy.0 = Release|x64
		{7156C2B1-AC72-4022-92D0-C3761D9306DC}.Release|x86.ActiveCfg = Release|x86
		{7156C2B1-AC72-4022-92D0-C3761D9306DC}.Release|x86.Build.0 = Release|x86
		{7156C2B1-AC72-4022-92D0-C3761D9306DC}.Release|x86.Deploy.0 = Release|x86
		{7D43DD38-A453-4609-BD1F-19105720B4B3}.Debug|Any CPU.ActiveCfg = Debug|Any CPU
		{7D43DD38-A453-4609-BD1F-19105720B4B3}.Debug|Any CPU.Build.0 = Debug|Any CPU
		{7D43DD38-A453-4609-BD1F-19105720B4B3}.Debug|Any CPU.Deploy.0 = Debug|Any CPU
		{7D43DD38-A453-4609-BD1F-19105720B4B3}.Debug|ARM.ActiveCfg = Debug|Any CPU
		{7D43DD38-A453-4609-BD1F-19105720B4B3}.Debug|ARM.Build.0 = Debug|Any CPU
		{7D43DD38-A453-4609-BD1F-19105720B4B3}.Debug|ARM.Deploy.0 = Debug|Any CPU
		{7D43DD38-A453-4609-BD1F-19105720B4B3}.Debug|x64.ActiveCfg = Debug|Any CPU
		{7D43DD38-A453-4609-BD1F-19105720B4B3}.Debug|x64.Build.0 = Debug|Any CPU
		{7D43DD38-A453-4609-BD1F-19105720B4B3}.Debug|x64.Deploy.0 = Debug|Any CPU
		{7D43DD38-A453-4609-BD1F-19105720B4B3}.Debug|x86.ActiveCfg = Debug|Any CPU
		{7D43DD38-A453-4609-BD1F-19105720B4B3}.Debug|x86.Build.0 = Debug|Any CPU
		{7D43DD38-A453-4609-BD1F-19105720B4B3}.Debug|x86.Deploy.0 = Debug|Any CPU
		{7D43DD38-A453-4609-BD1F-19105720B4B3}.Release|Any CPU.ActiveCfg = Release|Any CPU
		{7D43DD38-A453-4609-BD1F-19105720B4B3}.Release|Any CPU.Build.0 = Release|Any CPU
		{7D43DD38-A453-4609-BD1F-19105720B4B3}.Release|Any CPU.Deploy.0 = Release|Any CPU
		{7D43DD38-A453-4609-BD1F-19105720B4B3}.Release|ARM.ActiveCfg = Release|Any CPU
		{7D43DD38-A453-4609-BD1F-19105720B4B3}.Release|ARM.Build.0 = Release|Any CPU
		{7D43DD38-A453-4609-BD1F-19105720B4B3}.Release|ARM.Deploy.0 = Release|Any CPU
		{7D43DD38-A453-4609-BD1F-19105720B4B3}.Release|x64.ActiveCfg = Release|Any CPU
		{7D43DD38-A453-4609-BD1F-19105720B4B3}.Release|x64.Build.0 = Release|Any CPU
		{7D43DD38-A453-4609-BD1F-19105720B4B3}.Release|x64.Deploy.0 = Release|Any CPU
		{7D43DD38-A453-4609-BD1F-19105720B4B3}.Release|x86.ActiveCfg = Release|Any CPU
		{7D43DD38-A453-4609-BD1F-19105720B4B3}.Release|x86.Build.0 = Release|Any CPU
		{7D43DD38-A453-4609-BD1F-19105720B4B3}.Release|x86.Deploy.0 = Release|Any CPU
		{A4AC8DE4-BA5F-4A99-A86B-B2D117615D53}.Debug|Any CPU.ActiveCfg = Debug|Any CPU
		{A4AC8DE4-BA5F-4A99-A86B-B2D117615D53}.Debug|Any CPU.Build.0 = Debug|Any CPU
		{A4AC8DE4-BA5F-4A99-A86B-B2D117615D53}.Debug|ARM.ActiveCfg = Debug|Any CPU
		{A4AC8DE4-BA5F-4A99-A86B-B2D117615D53}.Debug|ARM.Build.0 = Debug|Any CPU
		{A4AC8DE4-BA5F-4A99-A86B-B2D117615D53}.Debug|x64.ActiveCfg = Debug|Any CPU
		{A4AC8DE4-BA5F-4A99-A86B-B2D117615D53}.Debug|x64.Build.0 = Debug|Any CPU
		{A4AC8DE4-BA5F-4A99-A86B-B2D117615D53}.Debug|x86.ActiveCfg = Debug|Any CPU
		{A4AC8DE4-BA5F-4A99-A86B-B2D117615D53}.Debug|x86.Build.0 = Debug|Any CPU
		{A4AC8DE4-BA5F-4A99-A86B-B2D117615D53}.Release|Any CPU.ActiveCfg = Release|Any CPU
		{A4AC8DE4-BA5F-4A99-A86B-B2D117615D53}.Release|Any CPU.Build.0 = Release|Any CPU
		{A4AC8DE4-BA5F-4A99-A86B-B2D117615D53}.Release|ARM.ActiveCfg = Release|Any CPU
		{A4AC8DE4-BA5F-4A99-A86B-B2D117615D53}.Release|ARM.Build.0 = Release|Any CPU
		{A4AC8DE4-BA5F-4A99-A86B-B2D117615D53}.Release|x64.ActiveCfg = Release|Any CPU
		{A4AC8DE4-BA5F-4A99-A86B-B2D117615D53}.Release|x64.Build.0 = Release|Any CPU
		{A4AC8DE4-BA5F-4A99-A86B-B2D117615D53}.Release|x86.ActiveCfg = Release|Any CPU
		{A4AC8DE4-BA5F-4A99-A86B-B2D117615D53}.Release|x86.Build.0 = Release|Any CPU
		{36FF650C-41CB-4D5B-A9E8-8ED6C453D009}.Debug|Any CPU.ActiveCfg = Debug|x86
		{36FF650C-41CB-4D5B-A9E8-8ED6C453D009}.Debug|ARM.ActiveCfg = Debug|ARM
		{36FF650C-41CB-4D5B-A9E8-8ED6C453D009}.Debug|ARM.Build.0 = Debug|ARM
		{36FF650C-41CB-4D5B-A9E8-8ED6C453D009}.Debug|ARM.Deploy.0 = Debug|ARM
		{36FF650C-41CB-4D5B-A9E8-8ED6C453D009}.Debug|x64.ActiveCfg = Debug|x64
		{36FF650C-41CB-4D5B-A9E8-8ED6C453D009}.Debug|x64.Build.0 = Debug|x64
		{36FF650C-41CB-4D5B-A9E8-8ED6C453D009}.Debug|x64.Deploy.0 = Debug|x64
		{36FF650C-41CB-4D5B-A9E8-8ED6C453D009}.Debug|x86.ActiveCfg = Debug|x86
		{36FF650C-41CB-4D5B-A9E8-8ED6C453D009}.Debug|x86.Build.0 = Debug|x86
		{36FF650C-41CB-4D5B-A9E8-8ED6C453D009}.Debug|x86.Deploy.0 = Debug|x86
		{36FF650C-41CB-4D5B-A9E8-8ED6C453D009}.Release|Any CPU.ActiveCfg = Release|x86
		{36FF650C-41CB-4D5B-A9E8-8ED6C453D009}.Release|ARM.ActiveCfg = Release|ARM
		{36FF650C-41CB-4D5B-A9E8-8ED6C453D009}.Release|ARM.Build.0 = Release|ARM
		{36FF650C-41CB-4D5B-A9E8-8ED6C453D009}.Release|ARM.Deploy.0 = Release|ARM
		{36FF650C-41CB-4D5B-A9E8-8ED6C453D009}.Release|x64.ActiveCfg = Release|x64
		{36FF650C-41CB-4D5B-A9E8-8ED6C453D009}.Release|x64.Build.0 = Release|x64
		{36FF650C-41CB-4D5B-A9E8-8ED6C453D009}.Release|x64.Deploy.0 = Release|x64
		{36FF650C-41CB-4D5B-A9E8-8ED6C453D009}.Release|x86.ActiveCfg = Release|x86
		{36FF650C-41CB-4D5B-A9E8-8ED6C453D009}.Release|x86.Build.0 = Release|x86
		{36FF650C-41CB-4D5B-A9E8-8ED6C453D009}.Release|x86.Deploy.0 = Release|x86
		{F4646AFA-38C7-4BAE-94FF-DF6225D8A12E}.Debug|Any CPU.ActiveCfg = Debug|Any CPU
		{F4646AFA-38C7-4BAE-94FF-DF6225D8A12E}.Debug|Any CPU.Build.0 = Debug|Any CPU
		{F4646AFA-38C7-4BAE-94FF-DF6225D8A12E}.Debug|Any CPU.Deploy.0 = Debug|Any CPU
		{F4646AFA-38C7-4BAE-94FF-DF6225D8A12E}.Debug|ARM.ActiveCfg = Debug|Any CPU
		{F4646AFA-38C7-4BAE-94FF-DF6225D8A12E}.Debug|ARM.Build.0 = Debug|Any CPU
		{F4646AFA-38C7-4BAE-94FF-DF6225D8A12E}.Debug|ARM.Deploy.0 = Debug|Any CPU
		{F4646AFA-38C7-4BAE-94FF-DF6225D8A12E}.Debug|x64.ActiveCfg = Debug|Any CPU
		{F4646AFA-38C7-4BAE-94FF-DF6225D8A12E}.Debug|x64.Build.0 = Debug|Any CPU
		{F4646AFA-38C7-4BAE-94FF-DF6225D8A12E}.Debug|x64.Deploy.0 = Debug|Any CPU
		{F4646AFA-38C7-4BAE-94FF-DF6225D8A12E}.Debug|x86.ActiveCfg = Debug|Any CPU
		{F4646AFA-38C7-4BAE-94FF-DF6225D8A12E}.Debug|x86.Build.0 = Debug|Any CPU
		{F4646AFA-38C7-4BAE-94FF-DF6225D8A12E}.Debug|x86.Deploy.0 = Debug|Any CPU
		{F4646AFA-38C7-4BAE-94FF-DF6225D8A12E}.Release|Any CPU.ActiveCfg = Release|Any CPU
		{F4646AFA-38C7-4BAE-94FF-DF6225D8A12E}.Release|Any CPU.Build.0 = Release|Any CPU
		{F4646AFA-38C7-4BAE-94FF-DF6225D8A12E}.Release|Any CPU.Deploy.0 = Release|Any CPU
		{F4646AFA-38C7-4BAE-94FF-DF6225D8A12E}.Release|ARM.ActiveCfg = Release|Any CPU
		{F4646AFA-38C7-4BAE-94FF-DF6225D8A12E}.Release|ARM.Build.0 = Release|Any CPU
		{F4646AFA-38C7-4BAE-94FF-DF6225D8A12E}.Release|ARM.Deploy.0 = Release|Any CPU
		{F4646AFA-38C7-4BAE-94FF-DF6225D8A12E}.Release|x64.ActiveCfg = Release|Any CPU
		{F4646AFA-38C7-4BAE-94FF-DF6225D8A12E}.Release|x64.Build.0 = Release|Any CPU
		{F4646AFA-38C7-4BAE-94FF-DF6225D8A12E}.Release|x64.Deploy.0 = Release|Any CPU
		{F4646AFA-38C7-4BAE-94FF-DF6225D8A12E}.Release|x86.ActiveCfg = Release|Any CPU
		{F4646AFA-38C7-4BAE-94FF-DF6225D8A12E}.Release|x86.Build.0 = Release|Any CPU
		{F4646AFA-38C7-4BAE-94FF-DF6225D8A12E}.Release|x86.Deploy.0 = Release|Any CPU
		{CD6B5BFB-170E-4656-9CB1-DD41E4C181A6}.Debug|Any CPU.ActiveCfg = Debug|Any CPU
		{CD6B5BFB-170E-4656-9CB1-DD41E4C181A6}.Debug|Any CPU.Build.0 = Debug|Any CPU
		{CD6B5BFB-170E-4656-9CB1-DD41E4C181A6}.Debug|ARM.ActiveCfg = Debug|Any CPU
		{CD6B5BFB-170E-4656-9CB1-DD41E4C181A6}.Debug|ARM.Build.0 = Debug|Any CPU
		{CD6B5BFB-170E-4656-9CB1-DD41E4C181A6}.Debug|x64.ActiveCfg = Debug|Any CPU
		{CD6B5BFB-170E-4656-9CB1-DD41E4C181A6}.Debug|x64.Build.0 = Debug|Any CPU
		{CD6B5BFB-170E-4656-9CB1-DD41E4C181A6}.Debug|x86.ActiveCfg = Debug|Any CPU
		{CD6B5BFB-170E-4656-9CB1-DD41E4C181A6}.Debug|x86.Build.0 = Debug|Any CPU
		{CD6B5BFB-170E-4656-9CB1-DD41E4C181A6}.Release|Any CPU.ActiveCfg = Release|Any CPU
		{CD6B5BFB-170E-4656-9CB1-DD41E4C181A6}.Release|Any CPU.Build.0 = Release|Any CPU
		{CD6B5BFB-170E-4656-9CB1-DD41E4C181A6}.Release|ARM.ActiveCfg = Release|Any CPU
		{CD6B5BFB-170E-4656-9CB1-DD41E4C181A6}.Release|ARM.Build.0 = Release|Any CPU
		{CD6B5BFB-170E-4656-9CB1-DD41E4C181A6}.Release|x64.ActiveCfg = Release|Any CPU
		{CD6B5BFB-170E-4656-9CB1-DD41E4C181A6}.Release|x64.Build.0 = Release|Any CPU
		{CD6B5BFB-170E-4656-9CB1-DD41E4C181A6}.Release|x86.ActiveCfg = Release|Any CPU
		{CD6B5BFB-170E-4656-9CB1-DD41E4C181A6}.Release|x86.Build.0 = Release|Any CPU
		{B92E6F34-D2A9-4559-B5AF-4BEE115DFAF6}.Debug|Any CPU.ActiveCfg = Debug|x86
		{B92E6F34-D2A9-4559-B5AF-4BEE115DFAF6}.Debug|ARM.ActiveCfg = Debug|ARM
		{B92E6F34-D2A9-4559-B5AF-4BEE115DFAF6}.Debug|ARM.Build.0 = Debug|ARM
		{B92E6F34-D2A9-4559-B5AF-4BEE115DFAF6}.Debug|ARM.Deploy.0 = Debug|ARM
		{B92E6F34-D2A9-4559-B5AF-4BEE115DFAF6}.Debug|x64.ActiveCfg = Debug|x64
		{B92E6F34-D2A9-4559-B5AF-4BEE115DFAF6}.Debug|x64.Build.0 = Debug|x64
		{B92E6F34-D2A9-4559-B5AF-4BEE115DFAF6}.Debug|x64.Deploy.0 = Debug|x64
		{B92E6F34-D2A9-4559-B5AF-4BEE115DFAF6}.Debug|x86.ActiveCfg = Debug|x86
		{B92E6F34-D2A9-4559-B5AF-4BEE115DFAF6}.Debug|x86.Build.0 = Debug|x86
		{B92E6F34-D2A9-4559-B5AF-4BEE115DFAF6}.Debug|x86.Deploy.0 = Debug|x86
		{B92E6F34-D2A9-4559-B5AF-4BEE115DFAF6}.Release|Any CPU.ActiveCfg = Release|x86
		{B92E6F34-D2A9-4559-B5AF-4BEE115DFAF6}.Release|ARM.ActiveCfg = Release|ARM
		{B92E6F34-D2A9-4559-B5AF-4BEE115DFAF6}.Release|ARM.Build.0 = Release|ARM
		{B92E6F34-D2A9-4559-B5AF-4BEE115DFAF6}.Release|ARM.Deploy.0 = Release|ARM
		{B92E6F34-D2A9-4559-B5AF-4BEE115DFAF6}.Release|x64.ActiveCfg = Release|x64
		{B92E6F34-D2A9-4559-B5AF-4BEE115DFAF6}.Release|x64.Build.0 = Release|x64
		{B92E6F34-D2A9-4559-B5AF-4BEE115DFAF6}.Release|x64.Deploy.0 = Release|x64
		{B92E6F34-D2A9-4559-B5AF-4BEE115DFAF6}.Release|x86.ActiveCfg = Release|x86
		{B92E6F34-D2A9-4559-B5AF-4BEE115DFAF6}.Release|x86.Build.0 = Release|x86
		{B92E6F34-D2A9-4559-B5AF-4BEE115DFAF6}.Release|x86.Deploy.0 = Release|x86
		{E9E338BA-B6B5-45BA-8FD3-EA784C39EBF1}.Debug|Any CPU.ActiveCfg = Debug|Any CPU
		{E9E338BA-B6B5-45BA-8FD3-EA784C39EBF1}.Debug|Any CPU.Build.0 = Debug|Any CPU
		{E9E338BA-B6B5-45BA-8FD3-EA784C39EBF1}.Debug|Any CPU.Deploy.0 = Debug|Any CPU
		{E9E338BA-B6B5-45BA-8FD3-EA784C39EBF1}.Debug|ARM.ActiveCfg = Debug|Any CPU
		{E9E338BA-B6B5-45BA-8FD3-EA784C39EBF1}.Debug|ARM.Build.0 = Debug|Any CPU
		{E9E338BA-B6B5-45BA-8FD3-EA784C39EBF1}.Debug|ARM.Deploy.0 = Debug|Any CPU
		{E9E338BA-B6B5-45BA-8FD3-EA784C39EBF1}.Debug|x64.ActiveCfg = Debug|Any CPU
		{E9E338BA-B6B5-45BA-8FD3-EA784C39EBF1}.Debug|x64.Build.0 = Debug|Any CPU
		{E9E338BA-B6B5-45BA-8FD3-EA784C39EBF1}.Debug|x64.Deploy.0 = Debug|Any CPU
		{E9E338BA-B6B5-45BA-8FD3-EA784C39EBF1}.Debug|x86.ActiveCfg = Debug|Any CPU
		{E9E338BA-B6B5-45BA-8FD3-EA784C39EBF1}.Debug|x86.Build.0 = Debug|Any CPU
		{E9E338BA-B6B5-45BA-8FD3-EA784C39EBF1}.Debug|x86.Deploy.0 = Debug|Any CPU
		{E9E338BA-B6B5-45BA-8FD3-EA784C39EBF1}.Release|Any CPU.ActiveCfg = Release|Any CPU
		{E9E338BA-B6B5-45BA-8FD3-EA784C39EBF1}.Release|Any CPU.Build.0 = Release|Any CPU
		{E9E338BA-B6B5-45BA-8FD3-EA784C39EBF1}.Release|Any CPU.Deploy.0 = Release|Any CPU
		{E9E338BA-B6B5-45BA-8FD3-EA784C39EBF1}.Release|ARM.ActiveCfg = Release|Any CPU
		{E9E338BA-B6B5-45BA-8FD3-EA784C39EBF1}.Release|ARM.Build.0 = Release|Any CPU
		{E9E338BA-B6B5-45BA-8FD3-EA784C39EBF1}.Release|ARM.Deploy.0 = Release|Any CPU
		{E9E338BA-B6B5-45BA-8FD3-EA784C39EBF1}.Release|x64.ActiveCfg = Release|Any CPU
		{E9E338BA-B6B5-45BA-8FD3-EA784C39EBF1}.Release|x64.Build.0 = Release|Any CPU
		{E9E338BA-B6B5-45BA-8FD3-EA784C39EBF1}.Release|x64.Deploy.0 = Release|Any CPU
		{E9E338BA-B6B5-45BA-8FD3-EA784C39EBF1}.Release|x86.ActiveCfg = Release|Any CPU
		{E9E338BA-B6B5-45BA-8FD3-EA784C39EBF1}.Release|x86.Build.0 = Release|Any CPU
		{E9E338BA-B6B5-45BA-8FD3-EA784C39EBF1}.Release|x86.Deploy.0 = Release|Any CPU
		{78B74D4D-F40A-4397-A046-E2BBF6A2883E}.Debug|Any CPU.ActiveCfg = Debug|Any CPU
		{78B74D4D-F40A-4397-A046-E2BBF6A2883E}.Debug|Any CPU.Build.0 = Debug|Any CPU
		{78B74D4D-F40A-4397-A046-E2BBF6A2883E}.Debug|ARM.ActiveCfg = Debug|Any CPU
		{78B74D4D-F40A-4397-A046-E2BBF6A2883E}.Debug|ARM.Build.0 = Debug|Any CPU
		{78B74D4D-F40A-4397-A046-E2BBF6A2883E}.Debug|x64.ActiveCfg = Debug|Any CPU
		{78B74D4D-F40A-4397-A046-E2BBF6A2883E}.Debug|x64.Build.0 = Debug|Any CPU
		{78B74D4D-F40A-4397-A046-E2BBF6A2883E}.Debug|x86.ActiveCfg = Debug|Any CPU
		{78B74D4D-F40A-4397-A046-E2BBF6A2883E}.Debug|x86.Build.0 = Debug|Any CPU
		{78B74D4D-F40A-4397-A046-E2BBF6A2883E}.Release|Any CPU.ActiveCfg = Release|Any CPU
		{78B74D4D-F40A-4397-A046-E2BBF6A2883E}.Release|Any CPU.Build.0 = Release|Any CPU
		{78B74D4D-F40A-4397-A046-E2BBF6A2883E}.Release|ARM.ActiveCfg = Release|Any CPU
		{78B74D4D-F40A-4397-A046-E2BBF6A2883E}.Release|ARM.Build.0 = Release|Any CPU
		{78B74D4D-F40A-4397-A046-E2BBF6A2883E}.Release|x64.ActiveCfg = Release|Any CPU
		{78B74D4D-F40A-4397-A046-E2BBF6A2883E}.Release|x64.Build.0 = Release|Any CPU
		{78B74D4D-F40A-4397-A046-E2BBF6A2883E}.Release|x86.ActiveCfg = Release|Any CPU
		{78B74D4D-F40A-4397-A046-E2BBF6A2883E}.Release|x86.Build.0 = Release|Any CPU
	EndGlobalSection
	GlobalSection(SolutionProperties) = preSolution
		HideSolutionNode = FALSE
	EndGlobalSection
	GlobalSection(NestedProjects) = preSolution
		{93215A6C-B527-4BD9-A56E-21055A1045E5} = {DFFE4ABA-4059-43E1-8AED-927A423AC33A}
		{83EEA41C-3F15-4F8D-AED0-30897EC2CEEA} = {DFFE4ABA-4059-43E1-8AED-927A423AC33A}
		{339E4C1F-8C40-4CFF-8454-A2118FB61611} = {DFFE4ABA-4059-43E1-8AED-927A423AC33A}
		{7156C2B1-AC72-4022-92D0-C3761D9306DC} = {A25AAC32-F8C8-4470-B069-CA8CE4512506}
		{7D43DD38-A453-4609-BD1F-19105720B4B3} = {A25AAC32-F8C8-4470-B069-CA8CE4512506}
		{A4AC8DE4-BA5F-4A99-A86B-B2D117615D53} = {A25AAC32-F8C8-4470-B069-CA8CE4512506}
		{36FF650C-41CB-4D5B-A9E8-8ED6C453D009} = {08CA9EF2-00C8-4C00-8952-2668E3B50576}
		{F4646AFA-38C7-4BAE-94FF-DF6225D8A12E} = {08CA9EF2-00C8-4C00-8952-2668E3B50576}
		{CD6B5BFB-170E-4656-9CB1-DD41E4C181A6} = {08CA9EF2-00C8-4C00-8952-2668E3B50576}
		{B92E6F34-D2A9-4559-B5AF-4BEE115DFAF6} = {5B1711B8-2127-4C68-8B62-D424C5F9B9B1}
		{E9E338BA-B6B5-45BA-8FD3-EA784C39EBF1} = {5B1711B8-2127-4C68-8B62-D424C5F9B9B1}
		{78B74D4D-F40A-4397-A046-E2BBF6A2883E} = {5B1711B8-2127-4C68-8B62-D424C5F9B9B1}
	EndGlobalSection
	GlobalSection(ExtensibilityGlobals) = postSolution
		SolutionGuid = {127DA3D4-711F-424F-9E0B-DE0F2BCDC036}
	EndGlobalSection
EndGlobal
